
Microsoft Visual Studio Solution File, Format Version 12.00
# Visual Studio Version 16
VisualStudioVersion = 16.0.30114.105
MinimumVisualStudioVersion = 10.0.40219.1
Project("{FAE04EC0-301F-11D3-BF4B-00C04F79EFBC}") = "RepoMail.UI", "RepoMail.UI\RepoMail.UI.csproj", "{4BDA87DB-A388-4815-83FD-3F5DD3926C6D}"
EndProject
Global
	GlobalSection(SolutionConfigurationPlatforms) = preSolution
		Debug|Any CPU = Debug|Any CPU
		Release|Any CPU = Release|Any CPU
	EndGlobalSection
	GlobalSection(ProjectConfigurationPlatforms) = postSolution
		{4BDA87DB-A388-4815-83FD-3F5DD3926C6D}.Debug|Any CPU.ActiveCfg = Debug|Any CPU
		{4BDA87DB-A388-4815-83FD-3F5DD3926C6D}.Debug|Any CPU.Build.0 = Debug|Any CPU
		{4BDA87DB-A388-4815-83FD-3F5DD3926C6D}.Release|Any CPU.ActiveCfg = Release|Any CPU
		{4BDA87DB-A388-4815-83FD-3F5DD3926C6D}.Release|Any CPU.Build.0 = Release|Any CPU
	EndGlobalSection
	GlobalSection(SolutionProperties) = preSolution
		HideSolutionNode = FALSE
	EndGlobalSection
	GlobalSection(ExtensibilityGlobals) = postSolution
		SolutionGuid = {AD885D95-57BF-4BDF-8EDD-2E2B9FE05C84}
	EndGlobalSection
EndGlobal
